
Microsoft Visual Studio Solution File, Format Version 12.00
# Visual Studio Version 17
VisualStudioVersion = 17.5.002.0
MinimumVisualStudioVersion = 10.0.40219.1
Project("{9A19103F-16F7-4668-BE54-9A1E7A4F7556}") = "Taller-Biblioteca", "Taller-Biblioteca.csproj", "{1C9531B6-C725-455E-8285-6D6DA69A2633}"
EndProject
Global
	GlobalSection(SolutionConfigurationPlatforms) = preSolution
		Debug|Any CPU = Debug|Any CPU
		Release|Any CPU = Release|Any CPU
	EndGlobalSection
	GlobalSection(ProjectConfigurationPlatforms) = postSolution
		{1C9531B6-C725-455E-8285-6D6DA69A2633}.Debug|Any CPU.ActiveCfg = Debug|Any CPU
		{1C9531B6-C725-455E-8285-6D6DA69A2633}.Debug|Any CPU.Build.0 = Debug|Any CPU
		{1C9531B6-C725-455E-8285-6D6DA69A2633}.Release|Any CPU.ActiveCfg = Release|Any CPU
		{1C9531B6-C725-455E-8285-6D6DA69A2633}.Release|Any CPU.Build.0 = Release|Any CPU
	EndGlobalSection
	GlobalSection(SolutionProperties) = preSolution
		HideSolutionNode = FALSE
	EndGlobalSection
	GlobalSection(ExtensibilityGlobals) = postSolution
		SolutionGuid = {44F86099-6A4D-4043-885C-6728F9C24B4F}
	EndGlobalSection
EndGlobal
